
Microsoft Visual Studio Solution File, Format Version 12.00
# Visual Studio Version 17
VisualStudioVersion = 17.10.35013.160
MinimumVisualStudioVersion = 10.0.40219.1
Project("{9A19103F-16F7-4668-BE54-9A1E7A4F7556}") = "IConText", "IConText\IConText.csproj", "{554C8D8D-96DB-41C4-BA6B-F051005604C4}"
EndProject
Project("{9A19103F-16F7-4668-BE54-9A1E7A4F7556}") = "IConText.Tests", "IConTextTests\IConText.Tests.csproj", "{60FDA89F-C610-4F98-9EF6-FD736FA7CC92}"
EndProject
Global
	GlobalSection(SolutionConfigurationPlatforms) = preSolution
		Debug|Any CPU = Debug|Any CPU
		Release|Any CPU = Release|Any CPU
	EndGlobalSection
	GlobalSection(ProjectConfigurationPlatforms) = postSolution
		{554C8D8D-96DB-41C4-BA6B-F051005604C4}.Debug|Any CPU.ActiveCfg = Debug|Any CPU
		{554C8D8D-96DB-41C4-BA6B-F051005604C4}.Debug|Any CPU.Build.0 = Debug|Any CPU
		{554C8D8D-96DB-41C4-BA6B-F051005604C4}.Release|Any CPU.ActiveCfg = Release|Any CPU
		{554C8D8D-96DB-41C4-BA6B-F051005604C4}.Release|Any CPU.Build.0 = Release|Any CPU
		{60FDA89F-C610-4F98-9EF6-FD736FA7CC92}.Debug|Any CPU.ActiveCfg = Debug|Any CPU
		{60FDA89F-C610-4F98-9EF6-FD736FA7CC92}.Debug|Any CPU.Build.0 = Debug|Any CPU
		{60FDA89F-C610-4F98-9EF6-FD736FA7CC92}.Release|Any CPU.ActiveCfg = Release|Any CPU
		{60FDA89F-C610-4F98-9EF6-FD736FA7CC92}.Release|Any CPU.Build.0 = Release|Any CPU
	EndGlobalSection
	GlobalSection(SolutionProperties) = preSolution
		HideSolutionNode = FALSE
	EndGlobalSection
	GlobalSection(ExtensibilityGlobals) = postSolution
		SolutionGuid = {2E6C9582-3DBE-450E-BB05-6E567DFE53C9}
	EndGlobalSection
EndGlobal
